
Microsoft Visual Studio Solution File, Format Version 12.00
# Visual Studio Version 17
VisualStudioVersion = 17.7.34024.191
MinimumVisualStudioVersion = 10.0.40219.1
Project("{2150E333-8FDC-42A3-9474-1A3956D46DE8}") = "Services", "Services", "{356209D2-D4BF-4378-81A1-30A17FFEFA52}"
EndProject
Project("{2150E333-8FDC-42A3-9474-1A3956D46DE8}") = "Person", "Person", "{0B9027DC-E6D5-42BB-884C-04E57B290055}"
EndProject
Project("{FAE04EC0-301F-11D3-BF4B-00C04F79EFBC}") = "RiseAssessment.Services.Person", "Services\Person\RiseAssessment.Services.Person\RiseAssessment.Services.Person.csproj", "{8911120D-95AA-406C-8BCD-E520BB371B3D}"
EndProject
Project("{2150E333-8FDC-42A3-9474-1A3956D46DE8}") = "Shared", "Shared", "{1D12BEC9-0D68-4511-BBAD-6AAC84794361}"
EndProject
Project("{FAE04EC0-301F-11D3-BF4B-00C04F79EFBC}") = "RiseAssessment.Core", "Shared\RiseAssessment.Core\RiseAssessment.Core.csproj", "{A985390D-C947-4283-95EF-EF584035F8BF}"
EndProject
Project("{2150E333-8FDC-42A3-9474-1A3956D46DE8}") = "Contact", "Contact", "{2D55ED97-B4AE-48B1-82AB-859E8DC0544D}"
EndProject
Project("{FAE04EC0-301F-11D3-BF4B-00C04F79EFBC}") = "RiseAssessment.Services.Contact", "Services\Contact\RiseAssessment.Services.Contact\RiseAssessment.Services.Contact.csproj", "{D3F4ABAF-00AB-4EFD-B67E-FCB4D8AABBEB}"
EndProject
Project("{2150E333-8FDC-42A3-9474-1A3956D46DE8}") = "Gateways", "Gateways", "{91CF523D-02F0-440A-94CB-BC2A4C8E82D4}"
EndProject
Project("{FAE04EC0-301F-11D3-BF4B-00C04F79EFBC}") = "RiseAssessment.Gateways.Gateway", "Gateways\RiseAssessment.Gateways.Gateway\RiseAssessment.Gateways.Gateway.csproj", "{04E95628-6CD8-4717-A48F-18B02B4A6042}"
EndProject
Global
	GlobalSection(SolutionConfigurationPlatforms) = preSolution
		Debug|Any CPU = Debug|Any CPU
		Release|Any CPU = Release|Any CPU
	EndGlobalSection
	GlobalSection(ProjectConfigurationPlatforms) = postSolution
		{8911120D-95AA-406C-8BCD-E520BB371B3D}.Debug|Any CPU.ActiveCfg = Debug|Any CPU
		{8911120D-95AA-406C-8BCD-E520BB371B3D}.Debug|Any CPU.Build.0 = Debug|Any CPU
		{8911120D-95AA-406C-8BCD-E520BB371B3D}.Release|Any CPU.ActiveCfg = Release|Any CPU
		{8911120D-95AA-406C-8BCD-E520BB371B3D}.Release|Any CPU.Build.0 = Release|Any CPU
		{A985390D-C947-4283-95EF-EF584035F8BF}.Debug|Any CPU.ActiveCfg = Debug|Any CPU
		{A985390D-C947-4283-95EF-EF584035F8BF}.Debug|Any CPU.Build.0 = Debug|Any CPU
		{A985390D-C947-4283-95EF-EF584035F8BF}.Release|Any CPU.ActiveCfg = Release|Any CPU
		{A985390D-C947-4283-95EF-EF584035F8BF}.Release|Any CPU.Build.0 = Release|Any CPU
		{D3F4ABAF-00AB-4EFD-B67E-FCB4D8AABBEB}.Debug|Any CPU.ActiveCfg = Debug|Any CPU
		{D3F4ABAF-00AB-4EFD-B67E-FCB4D8AABBEB}.Debug|Any CPU.Build.0 = Debug|Any CPU
		{D3F4ABAF-00AB-4EFD-B67E-FCB4D8AABBEB}.Release|Any CPU.ActiveCfg = Release|Any CPU
		{D3F4ABAF-00AB-4EFD-B67E-FCB4D8AABBEB}.Release|Any CPU.Build.0 = Release|Any CPU
		{04E95628-6CD8-4717-A48F-18B02B4A6042}.Debug|Any CPU.ActiveCfg = Debug|Any CPU
		{04E95628-6CD8-4717-A48F-18B02B4A6042}.Debug|Any CPU.Build.0 = Debug|Any CPU
		{04E95628-6CD8-4717-A48F-18B02B4A6042}.Release|Any CPU.ActiveCfg = Release|Any CPU
		{04E95628-6CD8-4717-A48F-18B02B4A6042}.Release|Any CPU.Build.0 = Release|Any CPU
	EndGlobalSection
	GlobalSection(SolutionProperties) = preSolution
		HideSolutionNode = FALSE
	EndGlobalSection
	GlobalSection(NestedProjects) = preSolution
		{0B9027DC-E6D5-42BB-884C-04E57B290055} = {356209D2-D4BF-4378-81A1-30A17FFEFA52}
		{8911120D-95AA-406C-8BCD-E520BB371B3D} = {0B9027DC-E6D5-42BB-884C-04E57B290055}
		{A985390D-C947-4283-95EF-EF584035F8BF} = {1D12BEC9-0D68-4511-BBAD-6AAC84794361}
		{2D55ED97-B4AE-48B1-82AB-859E8DC0544D} = {356209D2-D4BF-4378-81A1-30A17FFEFA52}
		{D3F4ABAF-00AB-4EFD-B67E-FCB4D8AABBEB} = {2D55ED97-B4AE-48B1-82AB-859E8DC0544D}
		{04E95628-6CD8-4717-A48F-18B02B4A6042} = {91CF523D-02F0-440A-94CB-BC2A4C8E82D4}
	EndGlobalSection
	GlobalSection(ExtensibilityGlobals) = postSolution
		SolutionGuid = {89F5EC70-EEF4-4A30-9F20-CF0578F18B39}
	EndGlobalSection
EndGlobal
